
Microsoft Visual Studio Solution File, Format Version 12.00
# Visual Studio Version 17
VisualStudioVersion = 17.3.32901.215
MinimumVisualStudioVersion = 10.0.40219.1
Project("{9A19103F-16F7-4668-BE54-9A1E7A4F7556}") = "QuanAoTheThaoC5", "QuanAoTheThaoC5\QuanAoTheThaoC5.csproj", "{0626F6DD-0BE8-4630-BA98-9E01D88CE079}"
EndProject
Project("{9A19103F-16F7-4668-BE54-9A1E7A4F7556}") = "APIC5", "APIC5\APIC5.csproj", "{11328F45-C7DA-4452-88E9-D82350682564}"
EndProject
Global
	GlobalSection(SolutionConfigurationPlatforms) = preSolution
		Debug|Any CPU = Debug|Any CPU
		Release|Any CPU = Release|Any CPU
	EndGlobalSection
	GlobalSection(ProjectConfigurationPlatforms) = postSolution
		{0626F6DD-0BE8-4630-BA98-9E01D88CE079}.Debug|Any CPU.ActiveCfg = Debug|Any CPU
		{0626F6DD-0BE8-4630-BA98-9E01D88CE079}.Debug|Any CPU.Build.0 = Debug|Any CPU
		{0626F6DD-0BE8-4630-BA98-9E01D88CE079}.Release|Any CPU.ActiveCfg = Release|Any CPU
		{0626F6DD-0BE8-4630-BA98-9E01D88CE079}.Release|Any CPU.Build.0 = Release|Any CPU
		{11328F45-C7DA-4452-88E9-D82350682564}.Debug|Any CPU.ActiveCfg = Debug|Any CPU
		{11328F45-C7DA-4452-88E9-D82350682564}.Debug|Any CPU.Build.0 = Debug|Any CPU
		{11328F45-C7DA-4452-88E9-D82350682564}.Release|Any CPU.ActiveCfg = Release|Any CPU
		{11328F45-C7DA-4452-88E9-D82350682564}.Release|Any CPU.Build.0 = Release|Any CPU
	EndGlobalSection
	GlobalSection(SolutionProperties) = preSolution
		HideSolutionNode = FALSE
	EndGlobalSection
	GlobalSection(ExtensibilityGlobals) = postSolution
		SolutionGuid = {ABF5605C-665B-4169-A4CD-423F619DDAE6}
	EndGlobalSection
EndGlobal
